{
    "_meta": {
        "hash": {
            "sha256": "34e87af73ec7285cafbe507740d5e5174a5fa904531111f336ecfb9c10bf2d7f"
        },
        "pipfile-spec": 6,
        "requires": {
            "python_version": "3.7"
        },
        "sources": [
            {
                "name": "pypi",
                "url": "https://pypi.org/simple",
                "verify_ssl": true
            }
        ]
    },
    "default": {
        "certifi": {
            "hashes": [
                "sha256:376690d6f16d32f9d1fe8932551d80b23e9d393a8578c5633a2ed39a64861638",
                "sha256:456048c7e371c089d0a77a5212fb37a2c2dce1e24146e3b7e0261736aaeaa22a"
            ],
            "version": "==2018.8.24"
        },
        "chardet": {
            "hashes": [
                "sha256:84ab92ed1c4d4f16916e05906b6b75a6c0fb5db821cc65e70cbd64a3e2a5eaae",
                "sha256:fc323ffcaeaed0e0a02bf4d117757b98aed530d9ed4531e3e15460124c106691"
            ],
            "version": "==3.0.4"
        },
        "dataproperty": {
            "hashes": [
                "sha256:edd513bf8877aa9a6a0d3abc2ec8790a69885242a2e8f497c2b638e275656360",
                "sha256:f114c27933c25473eb03dc71bc999c2f977511ec64ed66abd769acbc7c33f933"
            ],
            "version": "==0.31.2"
        },
        "dominate": {
            "hashes": [
                "sha256:4b8ce6f33633c9dd9175b228d21c00c801b6bd0327747cd5e17fc2da934c3a69"
            ],
            "version": "==2.3.1"
        },
        "idna": {
            "hashes": [
                "sha256:156a6814fb5ac1fc6850fb002e0852d56c0c8d2531923a51032d1b70760e186e",
                "sha256:684a38a6f903c1d71d6d5fac066b58d7768af4de2b832e426ec79c30daa94a16"
            ],
            "version": "==2.7"
        },
        "logbook": {
            "hashes": [
                "sha256:3c0a3ebd48e89fcdd725fe393eb9226c789dca5a4e7842d65e2f256645fd1cd9",
                "sha256:97a827a49db0f543cf67a87dbbb7f3164383c801c28641630e200d00c396baa8",
                "sha256:e273188067df6c82b09a0b51d1034628fcd2dab300a074c89e64c4dbbbec0328",
                "sha256:f25f247eed81b7befca3a4646a266c7f6f328a7152d75223f9d3d0ee6476c015",
                "sha256:f4d0b079756f99181d7d87b701b09af1f5d8b17110fe39465cc7afd94db1e95c"
            ],
            "version": "==1.4.0"
        },
        "mbstrdecoder": {
            "hashes": [
                "sha256:3985ea99a808fef7f64724331d8e6d7584835f1b017228ae5e429a543b016181",
                "sha256:b5370fdac8a6a600d098fc3438004a0624c4c168d92a3801733c7e4aecef21da"
            ],
            "markers": "python_version >= '2.7' and python_version != '3.3.*' and python_version != '3.1.*' and python_version != '3.0.*' and python_version != '3.2.*'",
            "version": "==0.4.2"
        },
        "msgfy": {
            "hashes": [
                "sha256:0b52940361c6ab03e6ebae5a403c8723ccb8db4a6b4a130548a1876af4e48aec",
                "sha256:5b24068089b3cbfdc82192b161e3c208beeda2c59291dd02ac0df4cbfc891e8a"
            ],
            "markers": "python_version >= '2.7' and python_version != '3.3.*' and python_version != '3.1.*' and python_version != '3.0.*' and python_version != '3.2.*'",
            "version": "==0.0.3"
        },
        "pathvalidate": {
            "hashes": [
                "sha256:1e47a1569b5135584a73bce40302e554d0a900ff2b185dfe8e2196f0f5c062f7",
                "sha256:7deade46fa6e1cccc77eaa5a3cf53fa668bba758e12d156f546c9f20d8a3f9d2"
            ],
            "markers": "python_version >= '2.7' and python_version != '3.3.*' and python_version != '3.1.*' and python_version != '3.0.*' and python_version != '3.2.*'",
            "version": "==0.21.2"
        },
        "praw": {
            "hashes": [
                "sha256:04dc118381383dc5d2ae7a16e23d074fb42abe49659a9777828c062fc90780b7",
                "sha256:e4196a2ec10b758785e293d2cf6f25c5f97c8021b9314fd81797492815639cbd"
            ],
            "index": "pypi",
            "version": "==5.4.0"
        },
        "prawcore": {
            "hashes": [
                "sha256:a8b6fda0d1f8f3135e888e4257a4e338e9866c39262031cd5a8cb91f9024f64b",
                "sha256:cc5c32ee8c1d1de212ade0ea319a21d3448cb151cb1ccb7335ba76ca96cf8f37"
            ],
            "index": "pypi",
            "version": "==0.14.0"
        },
        "pytablewriter": {
            "hashes": [
                "sha256:c44d53b8bc8fa738bf1a66a3694c80e6be8dbc3438329bbec7ca307c4cf25a2b",
                "sha256:d1aa3ef9eecf03cc875fcd2a0b3593f1158f4a986f82897a335cc781ceb2da74"
            ],
            "index": "pypi",
            "version": "==0.31.0"
        },
        "python-dateutil": {
            "hashes": [
                "sha256:1adb80e7a782c12e52ef9a8182bebeb73f1d7e24e374397af06fb4956c8dc5c0",
                "sha256:e27001de32f627c22380a688bcc43ce83504a7bc5da472209b4c70f02829f0b8"
            ],
            "version": "==2.7.3"
        },
        "pytz": {
            "hashes": [
                "sha256:a061aa0a9e06881eb8b3b2b43f05b9439d6583c206d0a6c340ff72a7b6669053",
                "sha256:ffb9ef1de172603304d9d2819af6f5ece76f2e85ec10692a524dd876e72bf277"
            ],
            "version": "==2018.5"
        },
        "requests": {
            "hashes": [
                "sha256:63b52e3c866428a224f97cab011de738c36aec0185aa91cfacd418b5d58911d1",
                "sha256:ec22d826a36ed72a7358ff3fe56cbd4ba69dd7a6718ffd450ff0e9df7a47ce6a"
            ],
            "version": "==2.19.1"
        },
        "simplejson": {
            "hashes": [
                "sha256:067a7177ddfa32e1483ba5169ebea1bc2ea27f224853211ca669325648ca5642",
                "sha256:2fc546e6af49fb45b93bbe878dea4c48edc34083729c0abd09981fe55bdf7f91",
                "sha256:354fa32b02885e6dae925f1b5bbf842c333c1e11ea5453ddd67309dc31fdb40a",
                "sha256:37e685986cf6f8144607f90340cff72d36acf654f3653a6c47b84c5c38d00df7",
                "sha256:3af610ee72efbe644e19d5eaad575c73fb83026192114e5f6719f4901097fce2",
                "sha256:3b919fc9cf508f13b929a9b274c40786036b31ad28657819b3b9ba44ba651f50",
                "sha256:3dd289368bbd064974d9a5961101f080e939cbe051e6689a193c99fb6e9ac89b",
                "sha256:6c3258ffff58712818a233b9737fe4be943d306c40cf63d14ddc82ba563f483a",
                "sha256:75e3f0b12c28945c08f54350d91e624f8dd580ab74fd4f1bbea54bc6b0165610",
                "sha256:b1f329139ba647a9548aa05fb95d046b4a677643070dc2afc05fa2e975d09ca5",
                "sha256:ee9625fc8ee164902dfbb0ff932b26df112da9f871c32f0f9c1bcf20c350fe2a",
                "sha256:fb2530b53c28f0d4d84990e945c2ebb470edb469d63e389bf02ff409012fe7c5"
            ],
            "version": "==3.16.0"
        },
        "simplesqlite": {
            "hashes": [
                "sha256:5cebcd375ed5c4d09b3bbab59bf3ef19667f497b8a16fd9aaea0f7c0d0a5c8d4",
                "sha256:ce55ec0559422111cbb021460b1a40bb18ac40dad5bdd6eceb6a1e693e4887a3"
            ],
            "version": "==0.30.2"
        },
        "six": {
            "hashes": [
                "sha256:70e8a77beed4562e7f14fe23a786b54f6296e34344c23bc42f07b15018ff98e9",
                "sha256:832dc0e10feb1aa2c68dcc57dbb658f1c7e65b9b61af69048abc87a2db00a0eb"
            ],
            "version": "==1.11.0"
        },
        "sqliteschema": {
            "hashes": [
                "sha256:b58fc666f246a052efb07de5d4c34d1155c666838d74b2f8c8fb7451417d5c07",
                "sha256:c759c7507771a285764848f5e14379f0ae03efb8c7f1f2523a61938617b09c85"
            ],
            "version": "==0.12.1"
        },
        "tabledata": {
            "hashes": [
                "sha256:b3177897c19add872dae87e91fb406837b790481cddc09fb193f7290404c3436",
                "sha256:e1dc338991291d70524696fee578872380146219c21c0c65a13fae67ea8a582d"
            ],
            "version": "==0.0.23"
        },
        "toml": {
            "hashes": [
                "sha256:8e86bd6ce8cc11b9620cb637466453d94f5d57ad86f17e98a98d1f73e3baab2d"
            ],
            "version": "==0.9.4"
        },
        "typepy": {
            "hashes": [
                "sha256:2401b952b0dda10ea6accc8c020488652a0c5d6f8e04ca02fd7b498d7a50188b",
                "sha256:243c97a1d1969b089346b0737dffcd53915867a4accafea312cd79be3f5a1971"
            ],
            "version": "==0.2.1"
        },
        "update-checker": {
            "hashes": [
                "sha256:59cfad7f9a0ee99f95f1dfc60f55bf184937bcab46a7270341c2c33695572453",
                "sha256:70e39446fccf77b21192cf7a8214051fa93a636dc3b5c8b602b589d100a168b8"
            ],
            "version": "==0.16"
        },
        "urllib3": {
            "hashes": [
                "sha256:a68ac5e15e76e7e5dd2b8f94007233e01effe3e50e8daddf69acfd81cb686baf",
                "sha256:b5725a0bd4ba422ab0e66e89e030c806576753ea3ee08554382c14e685d117b5"
            ],
            "markers": "python_version < '4' and python_version >= '2.6' and python_version != '3.0.*' and python_version != '3.1.*' and python_version != '3.3.*' and python_version != '3.2.*'",
            "version": "==1.23"
        },
        "xlsxwriter": {
            "hashes": [
                "sha256:619f3e2653707b24aa4540c67a04ac68c1267e5d22e12a53e7fd2d4157313870",
                "sha256:98a94b32d4929d3e34595b4654b8e7f951182f540056b9cb734c88899912f729"
            ],
            "version": "==1.0.9"
        }
    },
    "develop": {}
}
