{
    "_meta": {
        "hash": {
            "sha256": "e95af8d7cb8cb7f6e0bffc6958461df0740c9b9dd0cf4e53f40c2e606d1089ce"
        },
        "pipfile-spec": 6,
        "requires": {
            "python_version": "3.7"
        },
        "sources": [
            {
                "name": "pypi",
                "url": "https://pypi.org/simple",
                "verify_ssl": true
            }
        ]
    },
    "default": {
        "certifi": {
            "hashes": [
                "sha256:e4f3620cfea4f83eedc95b24abd9cd56f3c4b146dd0177e83a21b4eb49e21e50",
                "sha256:fd7c7c74727ddcf00e9acd26bba8da604ffec95bf1c2144e67aff7a8b50e6cef"
            ],
            "version": "==2019.9.11"
        },
        "chardet": {
            "hashes": [
                "sha256:84ab92ed1c4d4f16916e05906b6b75a6c0fb5db821cc65e70cbd64a3e2a5eaae",
                "sha256:fc323ffcaeaed0e0a02bf4d117757b98aed530d9ed4531e3e15460124c106691"
            ],
            "version": "==3.0.4"
        },
        "dataproperty": {
            "hashes": [
                "sha256:4835c2c9fdcf9ea7e721dce5c32cc7e8b502476b83b80a055aa246c0e8d163fd",
                "sha256:ac2bc221a53fcd2afa140d1feb45cadbe62b335f667dba1e08e3c43a93339103"
            ],
            "version": "==0.43.1"
        },
        "dominate": {
            "hashes": [
                "sha256:6e833aea505f0236a9fc692326bac575f8bd38ae0f3a1bdc73d20ca606ac75d5",
                "sha256:a92474b4312bd8b4c1789792f3ec8c571cd8afa8e7502a2b1c64dd48cd67e59c"
            ],
            "version": "==2.4.0"
        },
        "idna": {
            "hashes": [
                "sha256:c357b3f628cf53ae2c4c05627ecc484553142ca23264e593d327bcde5e9c3407",
                "sha256:ea8b7f6188e6fa117537c3df7da9fc686d485087abf6ac197f9c46432f7e4a3c"
            ],
            "version": "==2.8"
        },
        "logbook": {
            "hashes": [
                "sha256:0cf2cdbfb65a03b5987d19109dacad13417809dcf697f66e1a7084fb21744ea9",
                "sha256:2dc85f1510533fddb481e97677bb7bca913560862734c0b3b289bfed04f78c92",
                "sha256:56ee54c11df3377314cedcd6507638f015b4b88c0238c2e01b5eb44fd3a6ad1b",
                "sha256:66f454ada0f56eae43066f604a222b09893f98c1adc18df169710761b8f32fe8",
                "sha256:7c533eb728b3d220b1b5414ba4635292d149d79f74f6973b4aa744c850ca944a",
                "sha256:8f76a2e7b1f72595f753228732f81ce342caf03babc3fed6bbdcf366f2f20f18",
                "sha256:94e2e11ff3c2304b0d09a36c6208e5ae756eb948b210e5cbd63cd8d27f911542",
                "sha256:97fee1bd9605f76335b169430ed65e15e457a844b2121bd1d90a08cf7e30aba0",
                "sha256:e18f7422214b1cf0240c56f884fd9c9b4ff9d0da2eabca9abccba56df7222f66"
            ],
            "version": "==1.5.3"
        },
        "mbstrdecoder": {
            "extras": [
                "all"
            ],
            "hashes": [
                "sha256:936b9c7a122db40a9392ffb4789035eb5897d6ceccd459d1bd4375e0c60fc6cd",
                "sha256:dabfae008a6b3b78f09847c2a73e9e866f97dcd9b52f7ccadf3b05a10a3656e6"
            ],
            "version": "==0.8.1"
        },
        "msgfy": {
            "hashes": [
                "sha256:370c54bb036d3728af8004e750b7cd7bc5a4ac25f9cdb8be13b7865cae3c73ee",
                "sha256:ed14ef121857d3d7e660c9735e2eb8e17155e2e5dbc3ee5f380e531d40022fc2"
            ],
            "version": "==0.0.7"
        },
        "pathvalidate": {
            "hashes": [
                "sha256:6d18aac8478ac97456b7fb639dc456429863fefd0f75e77d33b3166bca7c5651",
                "sha256:bf250828f40d94881df764950cffca14bb3fa83783d9f239125a6b5e23a5646e"
            ],
            "version": "==0.29.0"
        },
        "praw": {
            "hashes": [
                "sha256:ccd3463c838d912073c82cc226f7d62fb01aecf2f33dff3f0456afc688f45376",
                "sha256:ead6a4cce623f9a5093965a98e4f4bb5463920c8e4a5caf19098c585d06bb507"
            ],
            "index": "pypi",
            "version": "==6.0.0"
        },
        "prawcore": {
            "hashes": [
                "sha256:25dd14bf121bc0ad2ffc78e2322d9a01a516017105a5596cc21bb1e9a928b40c",
                "sha256:ab5558efb438aa73fc66c4178bfc809194dea3ce2addf4dec873de7e2fd2824e"
            ],
            "version": "==1.0.1"
        },
        "pytablewriter": {
            "hashes": [
                "sha256:2ce856d294634af2ad1492f5d966bcb0bf07dc7c42589a58889f70fffe2b3091",
                "sha256:aceb8fb8829dc80e34de010303400479440a99373b6c33430fb4f9fb89b9caa8"
            ],
            "index": "pypi",
            "version": "==0.36.0"
        },
        "python-dateutil": {
            "hashes": [
                "sha256:7e6584c74aeed623791615e26efd690f29817a27c73085b78e4bad02493df2fb",
                "sha256:c89805f6f4d64db21ed966fda138f8a5ed7a4fdbc1a8ee329ce1b74e3c74da9e"
            ],
            "version": "==2.8.0"
        },
        "pytz": {
            "hashes": [
                "sha256:1c557d7d0e871de1f5ccd5833f60fb2550652da6be2693c1e02300743d21500d",
                "sha256:b02c06db6cf09c12dd25137e563b31700d3b80fcc4ad23abb7a315f2789819be"
            ],
            "version": "==2019.3"
        },
        "requests": {
            "hashes": [
                "sha256:11e007a8a2aa0323f5a921e9e6a2d7e4e67d9877e85773fba9ba6419025cbeb4",
                "sha256:9cf5292fcd0f598c671cfc1e0d7d1a7f13bb8085e9a590f48c010551dc6c4b31"
            ],
            "version": "==2.22.0"
        },
        "six": {
            "hashes": [
                "sha256:70e8a77beed4562e7f14fe23a786b54f6296e34344c23bc42f07b15018ff98e9",
                "sha256:832dc0e10feb1aa2c68dcc57dbb658f1c7e65b9b61af69048abc87a2db00a0eb"
            ],
            "index": "pypi",
            "version": "==1.11.0"
        },
        "tabledata": {
            "hashes": [
                "sha256:70bd4607f4e36ad344eb87dae88ec7553b4892265f8ee04e032f214bb3b7b791",
                "sha256:a2c59603ecb56cd2161a72978d56876377ba6a27a3e6d87e1874ba4d5ab02796"
            ],
            "version": "==0.9.1"
        },
        "typepy": {
            "extras": [
                "datetime"
            ],
            "hashes": [
                "sha256:e16695d25c24f4753d0dcac7cb6e5d782f4f2901523f73e50625f2a8ba97718f",
                "sha256:e27669952a679b91a8f33f85e669a6ace4d953133ebc57bfc09fbac941d98f50"
            ],
            "version": "==0.6.0"
        },
        "update-checker": {
            "hashes": [
                "sha256:59cfad7f9a0ee99f95f1dfc60f55bf184937bcab46a7270341c2c33695572453",
                "sha256:70e39446fccf77b21192cf7a8214051fa93a636dc3b5c8b602b589d100a168b8"
            ],
            "version": "==0.16"
        },
        "urllib3": {
            "hashes": [
                "sha256:4c291ca23bbb55c76518905869ef34bdd5f0e46af7afe6861e8375643ffee1a0",
                "sha256:9a247273df709c4fedb38c711e44292304f73f39ab01beda9f6b9fc375669ac3"
            ],
            "index": "pypi",
            "version": "==1.24.2"
        }
    },
    "develop": {}
}
