{
    "_meta": {
        "hash": {
            "sha256": "e95af8d7cb8cb7f6e0bffc6958461df0740c9b9dd0cf4e53f40c2e606d1089ce"
        },
        "pipfile-spec": 6,
        "requires": {
            "python_version": "3.7"
        },
        "sources": [
            {
                "name": "pypi",
                "url": "https://pypi.org/simple",
                "verify_ssl": true
            }
        ]
    },
    "default": {
        "certifi": {
            "hashes": [
                "sha256:339dc09518b07e2fa7eda5450740925974815557727d6bd35d319c1524a04a4c",
                "sha256:6d58c986d22b038c8c0df30d639f23a3e6d172a05c3583e766f4c0b785c0986a"
            ],
            "version": "==2018.10.15"
        },
        "chardet": {
            "hashes": [
                "sha256:84ab92ed1c4d4f16916e05906b6b75a6c0fb5db821cc65e70cbd64a3e2a5eaae",
                "sha256:fc323ffcaeaed0e0a02bf4d117757b98aed530d9ed4531e3e15460124c106691"
            ],
            "version": "==3.0.4"
        },
        "dataproperty": {
            "hashes": [
                "sha256:14faceea5b80e5b9114d40ec89d63b3d5d8d11512dcfe1f17c544fc2a306327c",
                "sha256:a59072ee01de11ed91c0c46fac726034700c892c51fa06723b72b1fa583c429c"
            ],
            "markers": "python_version != '3.2.*' and python_version >= '2.7' and python_version != '3.1.*' and python_version != '3.0.*'",
            "version": "==0.35.2"
        },
        "dominate": {
            "hashes": [
                "sha256:59abf22fe4072a97978afece563155279b3c3d6f26cb9fbbca28d0acc318cb1b",
                "sha256:8dfcca2bde3937a2d03db6e55efcb0c0dea0d4ab0923dc983d794b19e9247328"
            ],
            "markers": "python_version != '3.3.*' and python_version >= '2.7' and python_version != '3.0.*' and python_version != '3.1.*' and python_version != '3.2.*'",
            "version": "==2.3.4"
        },
        "idna": {
            "hashes": [
                "sha256:156a6814fb5ac1fc6850fb002e0852d56c0c8d2531923a51032d1b70760e186e",
                "sha256:684a38a6f903c1d71d6d5fac066b58d7768af4de2b832e426ec79c30daa94a16"
            ],
            "version": "==2.7"
        },
        "logbook": {
            "hashes": [
                "sha256:2a8f9c583d7247b6f9bea7945d1d1a1bcc516b78f0e2376942201f2283191a08",
                "sha256:32375ce706d04a46886f9818bb953e53e0eda636552d7c0a2e482dd670fa56db",
                "sha256:69b461abadb1582b72eeb0db1429545d8f9fc373c3421738f31df1956ac111b2",
                "sha256:78008531bca8105aae4c5a03338c4627eebbe3737bd57ab7e8ba09f134609ed5",
                "sha256:d07e4a01cfa03cfec83ad19044d122981788c88605f4d0295d56667746ee2a74",
                "sha256:ef2e03f6144fa9aa64b8ff69678e2206f7d6788d630156737f6d66e1b2c1d319",
                "sha256:f6ee2eb8c169595a0101fc72f8a5d2585db2ec0562a856b02be19f5ccf426e46"
            ],
            "version": "==1.4.1"
        },
        "mbstrdecoder": {
            "hashes": [
                "sha256:2035565977693f26e4346095556b4a0a5160829e61da62b3a0b40ed8f77c3121",
                "sha256:85a043b115a2db3842ef93f05e330a58dfac88b6aa402ebe4a307a26d7238f2c"
            ],
            "markers": "python_version != '3.3.*' and python_version >= '2.7' and python_version != '3.0.*' and python_version != '3.1.*' and python_version != '3.2.*'",
            "version": "==0.5.0"
        },
        "msgfy": {
            "hashes": [
                "sha256:8dbed7f1659505c06b8244ebd78e83c328cae83d5ae7347ef767a7dd1783232b",
                "sha256:ca39e430a2211370a76c4ac92005e2535993b18b9612f87e7567f862ba13aa46"
            ],
            "markers": "python_version != '3.3.*' and python_version >= '2.7' and python_version != '3.0.*' and python_version != '3.1.*' and python_version != '3.2.*'",
            "version": "==0.0.4"
        },
        "pathvalidate": {
            "hashes": [
                "sha256:91b106350ece8fc28572648bb1f7a6463125b96d514cf3167ade7e9b610a912a",
                "sha256:e185d25ac8ffc354e6d64cb5e3834b099bae7615f76b2fe9f218a93aadca3778"
            ],
            "markers": "python_version != '3.3.*' and python_version >= '2.7' and python_version != '3.0.*' and python_version != '3.1.*' and python_version != '3.2.*'",
            "version": "==0.21.3"
        },
        "praw": {
            "hashes": [
                "sha256:ccd3463c838d912073c82cc226f7d62fb01aecf2f33dff3f0456afc688f45376",
                "sha256:ead6a4cce623f9a5093965a98e4f4bb5463920c8e4a5caf19098c585d06bb507"
            ],
            "index": "pypi",
            "version": "==6.0.0"
        },
        "prawcore": {
            "hashes": [
                "sha256:00bb9d61b5653a4614dce22eabe312e565aac08619d23a961bdcaf32367ed69a",
                "sha256:a9e84be5c58daf62dc5f8f11563bf63484066d0f6e60a07be33678a8ccab804b"
            ],
            "markers": "python_version != '3.0.*' and python_version < '4' and python_version != '3.1.*' and python_version != '3.3.*' and python_version != '3.2.*' and python_version >= '2.6'",
            "version": "==1.0.0"
        },
        "pytablewriter": {
            "hashes": [
                "sha256:2ce856d294634af2ad1492f5d966bcb0bf07dc7c42589a58889f70fffe2b3091",
                "sha256:aceb8fb8829dc80e34de010303400479440a99373b6c33430fb4f9fb89b9caa8"
            ],
            "index": "pypi",
            "version": "==0.36.0"
        },
        "python-dateutil": {
            "hashes": [
                "sha256:063df5763652e21de43de7d9e00ccf239f953a832941e37be541614732cdfc93",
                "sha256:88f9287c0174266bb0d8cedd395cfba9c58e87e5ad86b2ce58859bc11be3cf02"
            ],
            "version": "==2.7.5"
        },
        "pytz": {
            "hashes": [
                "sha256:31cb35c89bd7d333cd32c5f278fca91b523b0834369e757f4c5641ea252236ca",
                "sha256:8e0f8568c118d3077b46be7d654cc8167fa916092e28320cde048e54bfc9f1e6"
            ],
            "version": "==2018.7"
        },
        "requests": {
            "hashes": [
                "sha256:99dcfdaaeb17caf6e526f32b6a7b780461512ab3f1d992187801694cba42770c",
                "sha256:a84b8c9ab6239b578f22d1c21d51b696dcfe004032bb80ea832398d6909d7279"
            ],
            "version": "==2.20.0"
        },
        "six": {
            "hashes": [
                "sha256:70e8a77beed4562e7f14fe23a786b54f6296e34344c23bc42f07b15018ff98e9",
                "sha256:832dc0e10feb1aa2c68dcc57dbb658f1c7e65b9b61af69048abc87a2db00a0eb"
            ],
            "index": "pypi",
            "version": "==1.11.0"
        },
        "tabledata": {
            "hashes": [
                "sha256:d03de9adf8b135991d04266422be69f7b43c7758ae39a9e7f31be8ad61c76c1f",
                "sha256:e363c4647009fb9cdcc7003f64704f0cbf673b65298db82e80a0f3b51f89ab94"
            ],
            "version": "==0.0.24"
        },
        "typepy": {
            "hashes": [
                "sha256:1fc1eab33cccffb6c6ec9eecd6add0a7bf1843d61fffbb9d4bcee11c088fd4c1",
                "sha256:c9e561513f95eb65b45cb9a8c9c85db87a7add935ff9334c37844d50dae6ad84"
            ],
            "version": "==0.3.0"
        },
        "update-checker": {
            "hashes": [
                "sha256:59cfad7f9a0ee99f95f1dfc60f55bf184937bcab46a7270341c2c33695572453",
                "sha256:70e39446fccf77b21192cf7a8214051fa93a636dc3b5c8b602b589d100a168b8"
            ],
            "version": "==0.16"
        },
        "urllib3": {
            "hashes": [
                "sha256:a68ac5e15e76e7e5dd2b8f94007233e01effe3e50e8daddf69acfd81cb686baf",
                "sha256:b5725a0bd4ba422ab0e66e89e030c806576753ea3ee08554382c14e685d117b5"
            ],
            "markers": "python_version < '4' and python_version >= '2.6' and python_version != '3.0.*' and python_version != '3.1.*' and python_version != '3.3.*' and python_version != '3.2.*'",
            "version": "==1.23"
        }
    },
    "develop": {}
}
